// !$*UTF8*$!
{
	archiveVersion = 1;
	classes = {
	};
	objectVersion = 48;
	objects = {

/* Begin PBXBuildFile section */
		00C684BA20908BFB00C5259D /* MWHttpResponse.m in Sources */ = {isa = PBXBuildFile; fileRef = 00C6848A20908BFB00C5259D /* MWHttpResponse.m */; };
		00C684BB20908BFB00C5259D /* MWURLRequestManager.m in Sources */ = {isa = PBXBuildFile; fileRef = 00C6848D20908BFB00C5259D /* MWURLRequestManager.m */; };
		00C684BC20908BFB00C5259D /* MWAPI.m in Sources */ = {isa = PBXBuildFile; fileRef = 00C6848F20908BFB00C5259D /* MWAPI.m */; };
		00C684BD20908BFB00C5259D /* MWRequestOperation.m in Sources */ = {isa = PBXBuildFile; fileRef = 00C6849420908BFB00C5259D /* MWRequestOperation.m */; };
		00C684BE20908BFB00C5259D /* MW_ConnectionSession.m in Sources */ = {isa = PBXBuildFile; fileRef = 00C6849520908BFB00C5259D /* MW_ConnectionSession.m */; };
		00C684BF20908BFB00C5259D /* MWCompositeEvent.m in Sources */ = {isa = PBXBuildFile; fileRef = 00C6849620908BFB00C5259D /* MWCompositeEvent.m */; };
		00C684C020908BFB00C5259D /* MWEventInfo.m in Sources */ = {isa = PBXBuildFile; fileRef = 00C6849720908BFB00C5259D /* MWEventInfo.m */; };
		00C684C120908BFB00C5259D /* MW_ConnectionSessionManager.m in Sources */ = {isa = PBXBuildFile; fileRef = 00C6849820908BFB00C5259D /* MW_ConnectionSessionManager.m */; };
		00C684C220908BFB00C5259D /* MWSendStrategyManager.m in Sources */ = {isa = PBXBuildFile; fileRef = 00C6849920908BFB00C5259D /* MWSendStrategyManager.m */; };
		00C684C320908BFB00C5259D /* MWCommonActionManager.m in Sources */ = {isa = PBXBuildFile; fileRef = 00C6849A20908BFB00C5259D /* MWCommonActionManager.m */; };
		00C684C420908BFB00C5259D /* MWTimerManager.m in Sources */ = {isa = PBXBuildFile; fileRef = 00C6849B20908BFB00C5259D /* MWTimerManager.m */; };
		00C684C520908BFB00C5259D /* MWFacade.m in Sources */ = {isa = PBXBuildFile; fileRef = 00C684A520908BFB00C5259D /* MWFacade.m */; };
		00C684C620908BFB00C5259D /* MWCommonService.m in Sources */ = {isa = PBXBuildFile; fileRef = 00C684A820908BFB00C5259D /* MWCommonService.m */; };
		00C684C720908BFB00C5259D /* MWDictionaryUtils.m in Sources */ = {isa = PBXBuildFile; fileRef = 00C684AB20908BFB00C5259D /* MWDictionaryUtils.m */; };
		00C684C820908BFB00C5259D /* MWLog.m in Sources */ = {isa = PBXBuildFile; fileRef = 00C684AC20908BFB00C5259D /* MWLog.m */; };
		00C684C920908BFB00C5259D /* MWDeviceUtil.m in Sources */ = {isa = PBXBuildFile; fileRef = 00C684AF20908BFB00C5259D /* MWDeviceUtil.m */; };
		00C684CA20908BFB00C5259D /* MWReachability.m in Sources */ = {isa = PBXBuildFile; fileRef = 00C684B120908BFB00C5259D /* MWReachability.m */; };
		00C684CB20908BFB00C5259D /* MWNSKeyedArchiverUtils.m in Sources */ = {isa = PBXBuildFile; fileRef = 00C684B320908BFB00C5259D /* MWNSKeyedArchiverUtils.m */; };
		00C684CC20908BFB00C5259D /* MWCommonUtil.m in Sources */ = {isa = PBXBuildFile; fileRef = 00C684B420908BFB00C5259D /* MWCommonUtil.m */; };
		00C684CD20908BFB00C5259D /* MWNSFileManagerUtils.m in Sources */ = {isa = PBXBuildFile; fileRef = 00C684B520908BFB00C5259D /* MWNSFileManagerUtils.m */; };
		00C684CE20908BFB00C5259D /* MWNSStringUtils.m in Sources */ = {isa = PBXBuildFile; fileRef = 00C684B820908BFB00C5259D /* MWNSStringUtils.m */; };
		4ACEBA9E204F8D5400C5A2B8 /* AppDelegate.m in Sources */ = {isa = PBXBuildFile; fileRef = 4ACEBA9D204F8D5400C5A2B8 /* AppDelegate.m */; };
		4ACEBAA1204F8D5400C5A2B8 /* ViewController.m in Sources */ = {isa = PBXBuildFile; fileRef = 4ACEBAA0204F8D5400C5A2B8 /* ViewController.m */; };
		4ACEBAA4204F8D5400C5A2B8 /* Main.storyboard in Resources */ = {isa = PBXBuildFile; fileRef = 4ACEBAA2204F8D5400C5A2B8 /* Main.storyboard */; };
		4ACEBAA6204F8D5400C5A2B8 /* Assets.xcassets in Resources */ = {isa = PBXBuildFile; fileRef = 4ACEBAA5204F8D5400C5A2B8 /* Assets.xcassets */; };
		4ACEBAA9204F8D5400C5A2B8 /* LaunchScreen.storyboard in Resources */ = {isa = PBXBuildFile; fileRef = 4ACEBAA7204F8D5400C5A2B8 /* LaunchScreen.storyboard */; };
		4ACEBAAC204F8D5400C5A2B8 /* main.m in Sources */ = {isa = PBXBuildFile; fileRef = 4ACEBAAB204F8D5400C5A2B8 /* main.m */; };
/* End PBXBuildFile section */

/* Begin PBXCopyFilesBuildPhase section */
		4ACEBAE6204FB3E100C5A2B8 /* Embed Frameworks */ = {
			isa = PBXCopyFilesBuildPhase;
			buildActionMask = 2147483647;
			dstPath = "";
			dstSubfolderSpec = 10;
			files = (
			);
			name = "Embed Frameworks";
			runOnlyForDeploymentPostprocessing = 0;
		};
/* End PBXCopyFilesBuildPhase section */

/* Begin PBXFileReference section */
		00C6848820908BFB00C5259D /* MWFacade.h */ = {isa = PBXFileReference; fileEncoding = 4; lastKnownFileType = sourcecode.c.h; path = MWFacade.h; sourceTree = "<group>"; };
		00C6848A20908BFB00C5259D /* MWHttpResponse.m */ = {isa = PBXFileReference; fileEncoding = 4; lastKnownFileType = sourcecode.c.objc; path = MWHttpResponse.m; sourceTree = "<group>"; };
		00C6848B20908BFB00C5259D /* MWURLRequestManager.h */ = {isa = PBXFileReference; fileEncoding = 4; lastKnownFileType = sourcecode.c.h; path = MWURLRequestManager.h; sourceTree = "<group>"; };
		00C6848C20908BFB00C5259D /* MWHttpResponse.h */ = {isa = PBXFileReference; fileEncoding = 4; lastKnownFileType = sourcecode.c.h; path = MWHttpResponse.h; sourceTree = "<group>"; };
		00C6848D20908BFB00C5259D /* MWURLRequestManager.m */ = {isa = PBXFileReference; fileEncoding = 4; lastKnownFileType = sourcecode.c.objc; path = MWURLRequestManager.m; sourceTree = "<group>"; };
		00C6848F20908BFB00C5259D /* MWAPI.m */ = {isa = PBXFileReference; fileEncoding = 4; lastKnownFileType = sourcecode.c.objc; path = MWAPI.m; sourceTree = "<group>"; };
		00C6849020908BFB00C5259D /* MWAPI.h */ = {isa = PBXFileReference; fileEncoding = 4; lastKnownFileType = sourcecode.c.h; path = MWAPI.h; sourceTree = "<group>"; };
		00C6849120908BFB00C5259D /* MWBlockChainDefine.h */ = {isa = PBXFileReference; fileEncoding = 4; lastKnownFileType = sourcecode.c.h; path = MWBlockChainDefine.h; sourceTree = "<group>"; };
		00C6849320908BFB00C5259D /* MWTimerManager.h */ = {isa = PBXFileReference; fileEncoding = 4; lastKnownFileType = sourcecode.c.h; path = MWTimerManager.h; sourceTree = "<group>"; };
		00C6849420908BFB00C5259D /* MWRequestOperation.m */ = {isa = PBXFileReference; fileEncoding = 4; lastKnownFileType = sourcecode.c.objc; path = MWRequestOperation.m; sourceTree = "<group>"; };
		00C6849520908BFB00C5259D /* MW_ConnectionSession.m */ = {isa = PBXFileReference; fileEncoding = 4; lastKnownFileType = sourcecode.c.objc; path = MW_ConnectionSession.m; sourceTree = "<group>"; };
		00C6849620908BFB00C5259D /* MWCompositeEvent.m */ = {isa = PBXFileReference; fileEncoding = 4; lastKnownFileType = sourcecode.c.objc; path = MWCompositeEvent.m; sourceTree = "<group>"; };
		00C6849720908BFB00C5259D /* MWEventInfo.m */ = {isa = PBXFileReference; fileEncoding = 4; lastKnownFileType = sourcecode.c.objc; path = MWEventInfo.m; sourceTree = "<group>"; };
		00C6849820908BFB00C5259D /* MW_ConnectionSessionManager.m */ = {isa = PBXFileReference; fileEncoding = 4; lastKnownFileType = sourcecode.c.objc; path = MW_ConnectionSessionManager.m; sourceTree = "<group>"; };
		00C6849920908BFB00C5259D /* MWSendStrategyManager.m */ = {isa = PBXFileReference; fileEncoding = 4; lastKnownFileType = sourcecode.c.objc; path = MWSendStrategyManager.m; sourceTree = "<group>"; };
		00C6849A20908BFB00C5259D /* MWCommonActionManager.m */ = {isa = PBXFileReference; fileEncoding = 4; lastKnownFileType = sourcecode.c.objc; path = MWCommonActionManager.m; sourceTree = "<group>"; };
		00C6849B20908BFB00C5259D /* MWTimerManager.m */ = {isa = PBXFileReference; fileEncoding = 4; lastKnownFileType = sourcecode.c.objc; path = MWTimerManager.m; sourceTree = "<group>"; };
		00C6849C20908BFB00C5259D /* MWEventInfo.h */ = {isa = PBXFileReference; fileEncoding = 4; lastKnownFileType = sourcecode.c.h; path = MWEventInfo.h; sourceTree = "<group>"; };
		00C6849D20908BFB00C5259D /* MWCompositeEvent.h */ = {isa = PBXFileReference; fileEncoding = 4; lastKnownFileType = sourcecode.c.h; path = MWCompositeEvent.h; sourceTree = "<group>"; };
		00C6849E20908BFB00C5259D /* MW_ConnectionSession.h */ = {isa = PBXFileReference; fileEncoding = 4; lastKnownFileType = sourcecode.c.h; path = MW_ConnectionSession.h; sourceTree = "<group>"; };
		00C6849F20908BFB00C5259D /* MWRequestOperation.h */ = {isa = PBXFileReference; fileEncoding = 4; lastKnownFileType = sourcecode.c.h; path = MWRequestOperation.h; sourceTree = "<group>"; };
		00C684A020908BFB00C5259D /* MWTrackingDefine.h */ = {isa = PBXFileReference; fileEncoding = 4; lastKnownFileType = sourcecode.c.h; path = MWTrackingDefine.h; sourceTree = "<group>"; };
		00C684A120908BFB00C5259D /* MWCommonActionManager.h */ = {isa = PBXFileReference; fileEncoding = 4; lastKnownFileType = sourcecode.c.h; path = MWCommonActionManager.h; sourceTree = "<group>"; };
		00C684A220908BFB00C5259D /* MWSendStrategyManager.h */ = {isa = PBXFileReference; fileEncoding = 4; lastKnownFileType = sourcecode.c.h; path = MWSendStrategyManager.h; sourceTree = "<group>"; };
		00C684A320908BFB00C5259D /* MW_ConnectionSessionManager.h */ = {isa = PBXFileReference; fileEncoding = 4; lastKnownFileType = sourcecode.c.h; path = MW_ConnectionSessionManager.h; sourceTree = "<group>"; };
		00C684A420908BFB00C5259D /* MWBlockChain.h */ = {isa = PBXFileReference; fileEncoding = 4; lastKnownFileType = sourcecode.c.h; path = MWBlockChain.h; sourceTree = "<group>"; };
		00C684A520908BFB00C5259D /* MWFacade.m */ = {isa = PBXFileReference; fileEncoding = 4; lastKnownFileType = sourcecode.c.objc; path = MWFacade.m; sourceTree = "<group>"; };
		00C684A720908BFB00C5259D /* MWCommonService.h */ = {isa = PBXFileReference; fileEncoding = 4; lastKnownFileType = sourcecode.c.h; path = MWCommonService.h; sourceTree = "<group>"; };
		00C684A820908BFB00C5259D /* MWCommonService.m */ = {isa = PBXFileReference; fileEncoding = 4; lastKnownFileType = sourcecode.c.objc; path = MWCommonService.m; sourceTree = "<group>"; };
		00C684AA20908BFB00C5259D /* MWNSKeyedArchiverUtils.h */ = {isa = PBXFileReference; fileEncoding = 4; lastKnownFileType = sourcecode.c.h; path = MWNSKeyedArchiverUtils.h; sourceTree = "<group>"; };
		00C684AB20908BFB00C5259D /* MWDictionaryUtils.m */ = {isa = PBXFileReference; fileEncoding = 4; lastKnownFileType = sourcecode.c.objc; path = MWDictionaryUtils.m; sourceTree = "<group>"; };
		00C684AC20908BFB00C5259D /* MWLog.m */ = {isa = PBXFileReference; fileEncoding = 4; lastKnownFileType = sourcecode.c.objc; path = MWLog.m; sourceTree = "<group>"; };
		00C684AD20908BFB00C5259D /* MWNSFileManagerUtils.h */ = {isa = PBXFileReference; fileEncoding = 4; lastKnownFileType = sourcecode.c.h; path = MWNSFileManagerUtils.h; sourceTree = "<group>"; };
		00C684AE20908BFB00C5259D /* MWCommonUtil.h */ = {isa = PBXFileReference; fileEncoding = 4; lastKnownFileType = sourcecode.c.h; path = MWCommonUtil.h; sourceTree = "<group>"; };
		00C684AF20908BFB00C5259D /* MWDeviceUtil.m */ = {isa = PBXFileReference; fileEncoding = 4; lastKnownFileType = sourcecode.c.objc; path = MWDeviceUtil.m; sourceTree = "<group>"; };
		00C684B020908BFB00C5259D /* MWNSStringUtils.h */ = {isa = PBXFileReference; fileEncoding = 4; lastKnownFileType = sourcecode.c.h; path = MWNSStringUtils.h; sourceTree = "<group>"; };
		00C684B120908BFB00C5259D /* MWReachability.m */ = {isa = PBXFileReference; fileEncoding = 4; lastKnownFileType = sourcecode.c.objc; path = MWReachability.m; sourceTree = "<group>"; };
		00C684B220908BFB00C5259D /* MWDictionaryUtils.h */ = {isa = PBXFileReference; fileEncoding = 4; lastKnownFileType = sourcecode.c.h; path = MWDictionaryUtils.h; sourceTree = "<group>"; };
		00C684B320908BFB00C5259D /* MWNSKeyedArchiverUtils.m */ = {isa = PBXFileReference; fileEncoding = 4; lastKnownFileType = sourcecode.c.objc; path = MWNSKeyedArchiverUtils.m; sourceTree = "<group>"; };
		00C684B420908BFB00C5259D /* MWCommonUtil.m */ = {isa = PBXFileReference; fileEncoding = 4; lastKnownFileType = sourcecode.c.objc; path = MWCommonUtil.m; sourceTree = "<group>"; };
		00C684B520908BFB00C5259D /* MWNSFileManagerUtils.m */ = {isa = PBXFileReference; fileEncoding = 4; lastKnownFileType = sourcecode.c.objc; path = MWNSFileManagerUtils.m; sourceTree = "<group>"; };
		00C684B620908BFB00C5259D /* MWLog.h */ = {isa = PBXFileReference; fileEncoding = 4; lastKnownFileType = sourcecode.c.h; path = MWLog.h; sourceTree = "<group>"; };
		00C684B720908BFB00C5259D /* MWReachability.h */ = {isa = PBXFileReference; fileEncoding = 4; lastKnownFileType = sourcecode.c.h; path = MWReachability.h; sourceTree = "<group>"; };
		00C684B820908BFB00C5259D /* MWNSStringUtils.m */ = {isa = PBXFileReference; fileEncoding = 4; lastKnownFileType = sourcecode.c.objc; path = MWNSStringUtils.m; sourceTree = "<group>"; };
		00C684B920908BFB00C5259D /* MWDeviceUtil.h */ = {isa = PBXFileReference; fileEncoding = 4; lastKnownFileType = sourcecode.c.h; path = MWDeviceUtil.h; sourceTree = "<group>"; };
		4ACEBA99204F8D5400C5A2B8 /* MWBlockChainSampleApp.app */ = {isa = PBXFileReference; explicitFileType = wrapper.application; includeInIndex = 0; path = MWBlockChainSampleApp.app; sourceTree = BUILT_PRODUCTS_DIR; };
		4ACEBA9C204F8D5400C5A2B8 /* AppDelegate.h */ = {isa = PBXFileReference; lastKnownFileType = sourcecode.c.h; path = AppDelegate.h; sourceTree = "<group>"; };
		4ACEBA9D204F8D5400C5A2B8 /* AppDelegate.m */ = {isa = PBXFileReference; lastKnownFileType = sourcecode.c.objc; path = AppDelegate.m; sourceTree = "<group>"; };
		4ACEBA9F204F8D5400C5A2B8 /* ViewController.h */ = {isa = PBXFileReference; lastKnownFileType = sourcecode.c.h; path = ViewController.h; sourceTree = "<group>"; };
		4ACEBAA0204F8D5400C5A2B8 /* ViewController.m */ = {isa = PBXFileReference; lastKnownFileType = sourcecode.c.objc; path = ViewController.m; sourceTree = "<group>"; };
		4ACEBAA3204F8D5400C5A2B8 /* Base */ = {isa = PBXFileReference; lastKnownFileType = file.storyboard; name = Base; path = Base.lproj/Main.storyboard; sourceTree = "<group>"; };
		4ACEBAA5204F8D5400C5A2B8 /* Assets.xcassets */ = {isa = PBXFileReference; lastKnownFileType = folder.assetcatalog; path = Assets.xcassets; sourceTree = "<group>"; };
		4ACEBAA8204F8D5400C5A2B8 /* Base */ = {isa = PBXFileReference; lastKnownFileType = file.storyboard; name = Base; path = Base.lproj/LaunchScreen.storyboard; sourceTree = "<group>"; };
		4ACEBAAA204F8D5400C5A2B8 /* Info.plist */ = {isa = PBXFileReference; lastKnownFileType = text.plist.xml; path = Info.plist; sourceTree = "<group>"; };
		4ACEBAAB204F8D5400C5A2B8 /* main.m */ = {isa = PBXFileReference; lastKnownFileType = sourcecode.c.objc; path = main.m; sourceTree = "<group>"; };
		4ACEBAEE204FB52000C5A2B8 /* MWBlockChain.framework */ = {isa = PBXFileReference; explicitFileType = wrapper.framework; path = MWBlockChain.framework; sourceTree = BUILT_PRODUCTS_DIR; };
		4AD5F54C20614B9B007865E1 /* MerculetSDK.framework */ = {isa = PBXFileReference; explicitFileType = wrapper.framework; path = MerculetSDK.framework; sourceTree = BUILT_PRODUCTS_DIR; };
/* End PBXFileReference section */

/* Begin PBXFrameworksBuildPhase section */
		4ACEBA96204F8D5400C5A2B8 /* Frameworks */ = {
			isa = PBXFrameworksBuildPhase;
			buildActionMask = 2147483647;
			files = (
			);
			runOnlyForDeploymentPostprocessing = 0;
		};
/* End PBXFrameworksBuildPhase section */

/* Begin PBXGroup section */
		00C6848720908BFB00C5259D /* BlockChain */ = {
			isa = PBXGroup;
			children = (
				00C6849120908BFB00C5259D /* MWBlockChainDefine.h */,
				00C684A420908BFB00C5259D /* MWBlockChain.h */,
				00C6848820908BFB00C5259D /* MWFacade.h */,
				00C684A520908BFB00C5259D /* MWFacade.m */,
				00C6848920908BFB00C5259D /* Network */,
				00C6848E20908BFB00C5259D /* openApi */,
				00C6849220908BFB00C5259D /* Tracking */,
				00C684A620908BFB00C5259D /* Service */,
				00C684A920908BFB00C5259D /* Utility */,
			);
			path = BlockChain;
			sourceTree = "<group>";
		};
		00C6848920908BFB00C5259D /* Network */ = {
			isa = PBXGroup;
			children = (
				00C6848C20908BFB00C5259D /* MWHttpResponse.h */,
				00C6848A20908BFB00C5259D /* MWHttpResponse.m */,
				00C6848B20908BFB00C5259D /* MWURLRequestManager.h */,
				00C6848D20908BFB00C5259D /* MWURLRequestManager.m */,
			);
			path = Network;
			sourceTree = "<group>";
		};
		00C6848E20908BFB00C5259D /* openApi */ = {
			isa = PBXGroup;
			children = (
				00C6848F20908BFB00C5259D /* MWAPI.m */,
				00C6849020908BFB00C5259D /* MWAPI.h */,
			);
			path = openApi;
			sourceTree = "<group>";
		};
		00C6849220908BFB00C5259D /* Tracking */ = {
			isa = PBXGroup;
			children = (
				00C684A020908BFB00C5259D /* MWTrackingDefine.h */,
				00C6849320908BFB00C5259D /* MWTimerManager.h */,
				00C6849B20908BFB00C5259D /* MWTimerManager.m */,
				00C6849F20908BFB00C5259D /* MWRequestOperation.h */,
				00C6849420908BFB00C5259D /* MWRequestOperation.m */,
				00C6849E20908BFB00C5259D /* MW_ConnectionSession.h */,
				00C6849520908BFB00C5259D /* MW_ConnectionSession.m */,
				00C684A320908BFB00C5259D /* MW_ConnectionSessionManager.h */,
				00C6849820908BFB00C5259D /* MW_ConnectionSessionManager.m */,
				00C684A220908BFB00C5259D /* MWSendStrategyManager.h */,
				00C6849920908BFB00C5259D /* MWSendStrategyManager.m */,
				00C684A120908BFB00C5259D /* MWCommonActionManager.h */,
				00C6849A20908BFB00C5259D /* MWCommonActionManager.m */,
				00C6849C20908BFB00C5259D /* MWEventInfo.h */,
				00C6849720908BFB00C5259D /* MWEventInfo.m */,
				00C6849D20908BFB00C5259D /* MWCompositeEvent.h */,
				00C6849620908BFB00C5259D /* MWCompositeEvent.m */,
			);
			path = Tracking;
			sourceTree = "<group>";
		};
		00C684A620908BFB00C5259D /* Service */ = {
			isa = PBXGroup;
			children = (
				00C684A720908BFB00C5259D /* MWCommonService.h */,
				00C684A820908BFB00C5259D /* MWCommonService.m */,
			);
			path = Service;
			sourceTree = "<group>";
		};
		00C684A920908BFB00C5259D /* Utility */ = {
			isa = PBXGroup;
			children = (
				00C684AA20908BFB00C5259D /* MWNSKeyedArchiverUtils.h */,
				00C684AB20908BFB00C5259D /* MWDictionaryUtils.m */,
				00C684B620908BFB00C5259D /* MWLog.h */,
				00C684AC20908BFB00C5259D /* MWLog.m */,
				00C684AD20908BFB00C5259D /* MWNSFileManagerUtils.h */,
				00C684AE20908BFB00C5259D /* MWCommonUtil.h */,
				00C684AF20908BFB00C5259D /* MWDeviceUtil.m */,
				00C684B020908BFB00C5259D /* MWNSStringUtils.h */,
				00C684B120908BFB00C5259D /* MWReachability.m */,
				00C684B220908BFB00C5259D /* MWDictionaryUtils.h */,
				00C684B320908BFB00C5259D /* MWNSKeyedArchiverUtils.m */,
				00C684B420908BFB00C5259D /* MWCommonUtil.m */,
				00C684B520908BFB00C5259D /* MWNSFileManagerUtils.m */,
				00C684B720908BFB00C5259D /* MWReachability.h */,
				00C684B820908BFB00C5259D /* MWNSStringUtils.m */,
				00C684B920908BFB00C5259D /* MWDeviceUtil.h */,
			);
			path = Utility;
			sourceTree = "<group>";
		};
		4ACEBA90204F8D5400C5A2B8 = {
			isa = PBXGroup;
			children = (
				4ACEBA9B204F8D5400C5A2B8 /* MWBlockChainSampleApp */,
				4ACEBA9A204F8D5400C5A2B8 /* Products */,
				4ACEBAB2204F8DCC00C5A2B8 /* Frameworks */,
			);
			sourceTree = "<group>";
		};
		4ACEBA9A204F8D5400C5A2B8 /* Products */ = {
			isa = PBXGroup;
			children = (
				4ACEBA99204F8D5400C5A2B8 /* MWBlockChainSampleApp.app */,
			);
			name = Products;
			sourceTree = "<group>";
		};
		4ACEBA9B204F8D5400C5A2B8 /* MWBlockChainSampleApp */ = {
			isa = PBXGroup;
			children = (
				00C6848720908BFB00C5259D /* BlockChain */,
				4ACEBA9C204F8D5400C5A2B8 /* AppDelegate.h */,
				4ACEBA9D204F8D5400C5A2B8 /* AppDelegate.m */,
				4ACEBA9F204F8D5400C5A2B8 /* ViewController.h */,
				4ACEBAA0204F8D5400C5A2B8 /* ViewController.m */,
				4ACEBAA2204F8D5400C5A2B8 /* Main.storyboard */,
				4ACEBAA5204F8D5400C5A2B8 /* Assets.xcassets */,
				4ACEBAA7204F8D5400C5A2B8 /* LaunchScreen.storyboard */,
				4ACEBAAA204F8D5400C5A2B8 /* Info.plist */,
				4ACEBAAB204F8D5400C5A2B8 /* main.m */,
			);
			path = MWBlockChainSampleApp;
			sourceTree = "<group>";
		};
		4ACEBAB2204F8DCC00C5A2B8 /* Frameworks */ = {
			isa = PBXGroup;
			children = (
				4AD5F54C20614B9B007865E1 /* MerculetSDK.framework */,
				4ACEBAEE204FB52000C5A2B8 /* MWBlockChain.framework */,
			);
			name = Frameworks;
			sourceTree = "<group>";
		};
/* End PBXGroup section */

/* Begin PBXNativeTarget section */
		4ACEBA98204F8D5400C5A2B8 /* MWBlockChainSampleApp */ = {
			isa = PBXNativeTarget;
			buildConfigurationList = 4ACEBAAF204F8D5400C5A2B8 /* Build configuration list for PBXNativeTarget "MWBlockChainSampleApp" */;
			buildPhases = (
				4ACEBA95204F8D5400C5A2B8 /* Sources */,
				4ACEBA96204F8D5400C5A2B8 /* Frameworks */,
				4ACEBA97204F8D5400C5A2B8 /* Resources */,
				4ACEBAE6204FB3E100C5A2B8 /* Embed Frameworks */,
			);
			buildRules = (
			);
			dependencies = (
			);
			name = MWBlockChainSampleApp;
			productName = MWBlockChainSampleApp;
			productReference = 4ACEBA99204F8D5400C5A2B8 /* MWBlockChainSampleApp.app */;
			productType = "com.apple.product-type.application";
		};
/* End PBXNativeTarget section */

/* Begin PBXProject section */
		4ACEBA91204F8D5400C5A2B8 /* Project object */ = {
			isa = PBXProject;
			attributes = {
				LastUpgradeCheck = 0920;
				ORGANIZATIONNAME = "王伟";
				TargetAttributes = {
					4ACEBA98204F8D5400C5A2B8 = {
						CreatedOnToolsVersion = 9.2;
						ProvisioningStyle = Automatic;
					};
				};
			};
			buildConfigurationList = 4ACEBA94204F8D5400C5A2B8 /* Build configuration list for PBXProject "MWBlockChainSampleApp" */;
			compatibilityVersion = "Xcode 8.0";
			developmentRegion = en;
			hasScannedForEncodings = 0;
			knownRegions = (
				en,
				Base,
			);
			mainGroup = 4ACEBA90204F8D5400C5A2B8;
			productRefGroup = 4ACEBA9A204F8D5400C5A2B8 /* Products */;
			projectDirPath = "";
			projectRoot = "";
			targets = (
				4ACEBA98204F8D5400C5A2B8 /* MWBlockChainSampleApp */,
			);
		};
/* End PBXProject section */

/* Begin PBXResourcesBuildPhase section */
		4ACEBA97204F8D5400C5A2B8 /* Resources */ = {
			isa = PBXResourcesBuildPhase;
			buildActionMask = 2147483647;
			files = (
				4ACEBAA9204F8D5400C5A2B8 /* LaunchScreen.storyboard in Resources */,
				4ACEBAA6204F8D5400C5A2B8 /* Assets.xcassets in Resources */,
				4ACEBAA4204F8D5400C5A2B8 /* Main.storyboard in Resources */,
			);
			runOnlyForDeploymentPostprocessing = 0;
		};
/* End PBXResourcesBuildPhase section */

/* Begin PBXSourcesBuildPhase section */
		4ACEBA95204F8D5400C5A2B8 /* Sources */ = {
			isa = PBXSourcesBuildPhase;
			buildActionMask = 2147483647;
			files = (
				00C684BE20908BFB00C5259D /* MW_ConnectionSession.m in Sources */,
				00C684BC20908BFB00C5259D /* MWAPI.m in Sources */,
				4ACEBAA1204F8D5400C5A2B8 /* ViewController.m in Sources */,
				00C684BF20908BFB00C5259D /* MWCompositeEvent.m in Sources */,
				00C684CA20908BFB00C5259D /* MWReachability.m in Sources */,
				00C684C120908BFB00C5259D /* MW_ConnectionSessionManager.m in Sources */,
				00C684C420908BFB00C5259D /* MWTimerManager.m in Sources */,
				00C684BB20908BFB00C5259D /* MWURLRequestManager.m in Sources */,
				00C684C320908BFB00C5259D /* MWCommonActionManager.m in Sources */,
				00C684CE20908BFB00C5259D /* MWNSStringUtils.m in Sources */,
				00C684CD20908BFB00C5259D /* MWNSFileManagerUtils.m in Sources */,
				00C684C220908BFB00C5259D /* MWSendStrategyManager.m in Sources */,
				4ACEBAAC204F8D5400C5A2B8 /* main.m in Sources */,
				00C684C620908BFB00C5259D /* MWCommonService.m in Sources */,
				00C684CC20908BFB00C5259D /* MWCommonUtil.m in Sources */,
				00C684C020908BFB00C5259D /* MWEventInfo.m in Sources */,
				00C684CB20908BFB00C5259D /* MWNSKeyedArchiverUtils.m in Sources */,
				00C684C820908BFB00C5259D /* MWLog.m in Sources */,
				00C684C520908BFB00C5259D /* MWFacade.m in Sources */,
				00C684BD20908BFB00C5259D /* MWRequestOperation.m in Sources */,
				00C684BA20908BFB00C5259D /* MWHttpResponse.m in Sources */,
				4ACEBA9E204F8D5400C5A2B8 /* AppDelegate.m in Sources */,
				00C684C920908BFB00C5259D /* MWDeviceUtil.m in Sources */,
				00C684C720908BFB00C5259D /* MWDictionaryUtils.m in Sources */,
			);
			runOnlyForDeploymentPostprocessing = 0;
		};
/* End PBXSourcesBuildPhase section */

/* Begin PBXVariantGroup section */
		4ACEBAA2204F8D5400C5A2B8 /* Main.storyboard */ = {
			isa = PBXVariantGroup;
			children = (
				4ACEBAA3204F8D5400C5A2B8 /* Base */,
			);
			name = Main.storyboard;
			sourceTree = "<group>";
		};
		4ACEBAA7204F8D5400C5A2B8 /* LaunchScreen.storyboard */ = {
			isa = PBXVariantGroup;
			children = (
				4ACEBAA8204F8D5400C5A2B8 /* Base */,
			);
			name = LaunchScreen.storyboard;
			sourceTree = "<group>";
		};
/* End PBXVariantGroup section */

/* Begin XCBuildConfiguration section */
		4ACEBAAD204F8D5400C5A2B8 /* Debug */ = {
			isa = XCBuildConfiguration;
			buildSettings = {
				ALWAYS_SEARCH_USER_PATHS = NO;
				CLANG_ANALYZER_NONNULL = YES;
				CLANG_ANALYZER_NUMBER_OBJECT_CONVERSION = YES_AGGRESSIVE;
				CLANG_CXX_LANGUAGE_STANDARD = "gnu++14";
				CLANG_CXX_LIBRARY = "libc++";
				CLANG_ENABLE_MODULES = YES;
				CLANG_ENABLE_OBJC_ARC = YES;
				CLANG_WARN_BLOCK_CAPTURE_AUTORELEASING = YES;
				CLANG_WARN_BOOL_CONVERSION = YES;
				CLANG_WARN_COMMA = YES;
				CLANG_WARN_CONSTANT_CONVERSION = YES;
				CLANG_WARN_DIRECT_OBJC_ISA_USAGE = YES_ERROR;
				CLANG_WARN_DOCUMENTATION_COMMENTS = YES;
				CLANG_WARN_EMPTY_BODY = YES;
				CLANG_WARN_ENUM_CONVERSION = YES;
				CLANG_WARN_INFINITE_RECURSION = YES;
				CLANG_WARN_INT_CONVERSION = YES;
				CLANG_WARN_NON_LITERAL_NULL_CONVERSION = YES;
				CLANG_WARN_OBJC_LITERAL_CONVERSION = YES;
				CLANG_WARN_OBJC_ROOT_CLASS = YES_ERROR;
				CLANG_WARN_RANGE_LOOP_ANALYSIS = YES;
				CLANG_WARN_STRICT_PROTOTYPES = YES;
				CLANG_WARN_SUSPICIOUS_MOVE = YES;
				CLANG_WARN_UNGUARDED_AVAILABILITY = YES_AGGRESSIVE;
				CLANG_WARN_UNREACHABLE_CODE = YES;
				CLANG_WARN__DUPLICATE_METHOD_MATCH = YES;
				CODE_SIGN_IDENTITY = "iPhone Developer";
				COPY_PHASE_STRIP = NO;
				DEBUG_INFORMATION_FORMAT = dwarf;
				ENABLE_STRICT_OBJC_MSGSEND = YES;
				ENABLE_TESTABILITY = YES;
				GCC_C_LANGUAGE_STANDARD = gnu11;
				GCC_DYNAMIC_NO_PIC = NO;
				GCC_NO_COMMON_BLOCKS = YES;
				GCC_OPTIMIZATION_LEVEL = 0;
				GCC_PREPROCESSOR_DEFINITIONS = (
					"DEBUG=1",
					"$(inherited)",
				);
				GCC_WARN_64_TO_32_BIT_CONVERSION = YES;
				GCC_WARN_ABOUT_RETURN_TYPE = YES_ERROR;
				GCC_WARN_UNDECLARED_SELECTOR = YES;
				GCC_WARN_UNINITIALIZED_AUTOS = YES_AGGRESSIVE;
				GCC_WARN_UNUSED_FUNCTION = YES;
				GCC_WARN_UNUSED_VARIABLE = YES;
				IPHONEOS_DEPLOYMENT_TARGET = 11.2;
				MTL_ENABLE_DEBUG_INFO = YES;
				ONLY_ACTIVE_ARCH = YES;
				SDKROOT = iphoneos;
			};
			name = Debug;
		};
		4ACEBAAE204F8D5400C5A2B8 /* Release */ = {
			isa = XCBuildConfiguration;
			buildSettings = {
				ALWAYS_SEARCH_USER_PATHS = NO;
				CLANG_ANALYZER_NONNULL = YES;
				CLANG_ANALYZER_NUMBER_OBJECT_CONVERSION = YES_AGGRESSIVE;
				CLANG_CXX_LANGUAGE_STANDARD = "gnu++14";
				CLANG_CXX_LIBRARY = "libc++";
				CLANG_ENABLE_MODULES = YES;
				CLANG_ENABLE_OBJC_ARC = YES;
				CLANG_WARN_BLOCK_CAPTURE_AUTORELEASING = YES;
				CLANG_WARN_BOOL_CONVERSION = YES;
				CLANG_WARN_COMMA = YES;
				CLANG_WARN_CONSTANT_CONVERSION = YES;
				CLANG_WARN_DIRECT_OBJC_ISA_USAGE = YES_ERROR;
				CLANG_WARN_DOCUMENTATION_COMMENTS = YES;
				CLANG_WARN_EMPTY_BODY = YES;
				CLANG_WARN_ENUM_CONVERSION = YES;
				CLANG_WARN_INFINITE_RECURSION = YES;
				CLANG_WARN_INT_CONVERSION = YES;
				CLANG_WARN_NON_LITERAL_NULL_CONVERSION = YES;
				CLANG_WARN_OBJC_LITERAL_CONVERSION = YES;
				CLANG_WARN_OBJC_ROOT_CLASS = YES_ERROR;
				CLANG_WARN_RANGE_LOOP_ANALYSIS = YES;
				CLANG_WARN_STRICT_PROTOTYPES = YES;
				CLANG_WARN_SUSPICIOUS_MOVE = YES;
				CLANG_WARN_UNGUARDED_AVAILABILITY = YES_AGGRESSIVE;
				CLANG_WARN_UNREACHABLE_CODE = YES;
				CLANG_WARN__DUPLICATE_METHOD_MATCH = YES;
				CODE_SIGN_IDENTITY = "iPhone Developer";
				COPY_PHASE_STRIP = NO;
				DEBUG_INFORMATION_FORMAT = "dwarf-with-dsym";
				ENABLE_NS_ASSERTIONS = NO;
				ENABLE_STRICT_OBJC_MSGSEND = YES;
				GCC_C_LANGUAGE_STANDARD = gnu11;
				GCC_NO_COMMON_BLOCKS = YES;
				GCC_WARN_64_TO_32_BIT_CONVERSION = YES;
				GCC_WARN_ABOUT_RETURN_TYPE = YES_ERROR;
				GCC_WARN_UNDECLARED_SELECTOR = YES;
				GCC_WARN_UNINITIALIZED_AUTOS = YES_AGGRESSIVE;
				GCC_WARN_UNUSED_FUNCTION = YES;
				GCC_WARN_UNUSED_VARIABLE = YES;
				IPHONEOS_DEPLOYMENT_TARGET = 11.2;
				MTL_ENABLE_DEBUG_INFO = NO;
				SDKROOT = iphoneos;
				VALIDATE_PRODUCT = YES;
			};
			name = Release;
		};
		4ACEBAB0204F8D5400C5A2B8 /* Debug */ = {
			isa = XCBuildConfiguration;
			buildSettings = {
				ASSETCATALOG_COMPILER_APPICON_NAME = AppIcon;
				CODE_SIGN_STYLE = Automatic;
				DEVELOPMENT_TEAM = PE79EJX2E2;
				ENABLE_BITCODE = NO;
				INFOPLIST_FILE = MWBlockChainSampleApp/Info.plist;
				IPHONEOS_DEPLOYMENT_TARGET = 8.0;
				LD_RUNPATH_SEARCH_PATHS = "$(inherited) @executable_path/Frameworks";
				PRODUCT_BUNDLE_IDENTIFIER = com.mw.MWBlockChainSampleApp;
				PRODUCT_NAME = "$(TARGET_NAME)";
				TARGETED_DEVICE_FAMILY = "1,2";
			};
			name = Debug;
		};
		4ACEBAB1204F8D5400C5A2B8 /* Release */ = {
			isa = XCBuildConfiguration;
			buildSettings = {
				ASSETCATALOG_COMPILER_APPICON_NAME = AppIcon;
				CODE_SIGN_STYLE = Automatic;
				DEVELOPMENT_TEAM = PE79EJX2E2;
				ENABLE_BITCODE = NO;
				INFOPLIST_FILE = MWBlockChainSampleApp/Info.plist;
				IPHONEOS_DEPLOYMENT_TARGET = 8.0;
				LD_RUNPATH_SEARCH_PATHS = "$(inherited) @executable_path/Frameworks";
				PRODUCT_BUNDLE_IDENTIFIER = com.mw.MWBlockChainSampleApp;
				PRODUCT_NAME = "$(TARGET_NAME)";
				TARGETED_DEVICE_FAMILY = "1,2";
			};
			name = Release;
		};
/* End XCBuildConfiguration section */

/* Begin XCConfigurationList section */
		4ACEBA94204F8D5400C5A2B8 /* Build configuration list for PBXProject "MWBlockChainSampleApp" */ = {
			isa = XCConfigurationList;
			buildConfigurations = (
				4ACEBAAD204F8D5400C5A2B8 /* Debug */,
				4ACEBAAE204F8D5400C5A2B8 /* Release */,
			);
			defaultConfigurationIsVisible = 0;
			defaultConfigurationName = Release;
		};
		4ACEBAAF204F8D5400C5A2B8 /* Build configuration list for PBXNativeTarget "MWBlockChainSampleApp" */ = {
			isa = XCConfigurationList;
			buildConfigurations = (
				4ACEBAB0204F8D5400C5A2B8 /* Debug */,
				4ACEBAB1204F8D5400C5A2B8 /* Release */,
			);
			defaultConfigurationIsVisible = 0;
			defaultConfigurationName = Release;
		};
/* End XCConfigurationList section */
	};
	rootObject = 4ACEBA91204F8D5400C5A2B8 /* Project object */;
}
